
Microsoft Visual Studio Solution File, Format Version 12.00
# Visual Studio Version 16
VisualStudioVersion = 16.0.31702.278
MinimumVisualStudioVersion = 10.0.40219.1
Project("{FAE04EC0-301F-11D3-BF4B-00C04F79EFBC}") = "Absolute_Assignment.Android", "Absolute_Assignment\Absolute_Assignment.Android\Absolute_Assignment.Android.csproj", "{16447CF0-4418-45C6-87E3-3B6EBF4B415F}"
EndProject
Project("{FAE04EC0-301F-11D3-BF4B-00C04F79EFBC}") = "Absolute_Assignment.iOS", "Absolute_Assignment\Absolute_Assignment.iOS\Absolute_Assignment.iOS.csproj", "{31C29EAD-C7AE-444E-AD08-08A82A3C8EF2}"
EndProject
Project("{FAE04EC0-301F-11D3-BF4B-00C04F79EFBC}") = "Absolute_Assignment", "Absolute_Assignment\Absolute_Assignment\Absolute_Assignment.csproj", "{72F4549C-78D4-4D5A-AE39-97A8FC7DE3DA}"
EndProject
Global
	GlobalSection(SolutionConfigurationPlatforms) = preSolution
		Debug|Any CPU = Debug|Any CPU
		Debug|iPhone = Debug|iPhone
		Debug|iPhoneSimulator = Debug|iPhoneSimulator
		Release|Any CPU = Release|Any CPU
		Release|iPhone = Release|iPhone
		Release|iPhoneSimulator = Release|iPhoneSimulator
	EndGlobalSection
	GlobalSection(ProjectConfigurationPlatforms) = postSolution
		{16447CF0-4418-45C6-87E3-3B6EBF4B415F}.Debug|Any CPU.ActiveCfg = Debug|Any CPU
		{16447CF0-4418-45C6-87E3-3B6EBF4B415F}.Debug|Any CPU.Build.0 = Debug|Any CPU
		{16447CF0-4418-45C6-87E3-3B6EBF4B415F}.Debug|Any CPU.Deploy.0 = Debug|Any CPU
		{16447CF0-4418-45C6-87E3-3B6EBF4B415F}.Debug|iPhone.ActiveCfg = Debug|Any CPU
		{16447CF0-4418-45C6-87E3-3B6EBF4B415F}.Debug|iPhone.Build.0 = Debug|Any CPU
		{16447CF0-4418-45C6-87E3-3B6EBF4B415F}.Debug|iPhone.Deploy.0 = Debug|Any CPU
		{16447CF0-4418-45C6-87E3-3B6EBF4B415F}.Debug|iPhoneSimulator.ActiveCfg = Debug|Any CPU
		{16447CF0-4418-45C6-87E3-3B6EBF4B415F}.Debug|iPhoneSimulator.Build.0 = Debug|Any CPU
		{16447CF0-4418-45C6-87E3-3B6EBF4B415F}.Debug|iPhoneSimulator.Deploy.0 = Debug|Any CPU
		{16447CF0-4418-45C6-87E3-3B6EBF4B415F}.Release|Any CPU.ActiveCfg = Release|Any CPU
		{16447CF0-4418-45C6-87E3-3B6EBF4B415F}.Release|Any CPU.Build.0 = Release|Any CPU
		{16447CF0-4418-45C6-87E3-3B6EBF4B415F}.Release|Any CPU.Deploy.0 = Release|Any CPU
		{16447CF0-4418-45C6-87E3-3B6EBF4B415F}.Release|iPhone.ActiveCfg = Release|Any CPU
		{16447CF0-4418-45C6-87E3-3B6EBF4B415F}.Release|iPhone.Build.0 = Release|Any CPU
		{16447CF0-4418-45C6-87E3-3B6EBF4B415F}.Release|iPhone.Deploy.0 = Release|Any CPU
		{16447CF0-4418-45C6-87E3-3B6EBF4B415F}.Release|iPhoneSimulator.ActiveCfg = Release|Any CPU
		{16447CF0-4418-45C6-87E3-3B6EBF4B415F}.Release|iPhoneSimulator.Build.0 = Release|Any CPU
		{16447CF0-4418-45C6-87E3-3B6EBF4B415F}.Release|iPhoneSimulator.Deploy.0 = Release|Any CPU
		{31C29EAD-C7AE-444E-AD08-08A82A3C8EF2}.Debug|Any CPU.ActiveCfg = Debug|iPhone
		{31C29EAD-C7AE-444E-AD08-08A82A3C8EF2}.Debug|Any CPU.Build.0 = Debug|iPhone
		{31C29EAD-C7AE-444E-AD08-08A82A3C8EF2}.Debug|Any CPU.Deploy.0 = Debug|iPhone
		{31C29EAD-C7AE-444E-AD08-08A82A3C8EF2}.Debug|iPhone.ActiveCfg = Debug|iPhone
		{31C29EAD-C7AE-444E-AD08-08A82A3C8EF2}.Debug|iPhone.Build.0 = Debug|iPhone
		{31C29EAD-C7AE-444E-AD08-08A82A3C8EF2}.Debug|iPhone.Deploy.0 = Debug|iPhone
		{31C29EAD-C7AE-444E-AD08-08A82A3C8EF2}.Debug|iPhoneSimulator.ActiveCfg = Debug|iPhoneSimulator
		{31C29EAD-C7AE-444E-AD08-08A82A3C8EF2}.Debug|iPhoneSimulator.Build.0 = Debug|iPhoneSimulator
		{31C29EAD-C7AE-444E-AD08-08A82A3C8EF2}.Debug|iPhoneSimulator.Deploy.0 = Debug|iPhoneSimulator
		{31C29EAD-C7AE-444E-AD08-08A82A3C8EF2}.Release|Any CPU.ActiveCfg = Release|iPhoneSimulator
		{31C29EAD-C7AE-444E-AD08-08A82A3C8EF2}.Release|Any CPU.Build.0 = Release|iPhoneSimulator
		{31C29EAD-C7AE-444E-AD08-08A82A3C8EF2}.Release|Any CPU.Deploy.0 = Release|iPhoneSimulator
		{31C29EAD-C7AE-444E-AD08-08A82A3C8EF2}.Release|iPhone.ActiveCfg = Release|iPhone
		{31C29EAD-C7AE-444E-AD08-08A82A3C8EF2}.Release|iPhone.Build.0 = Release|iPhone
		{31C29EAD-C7AE-444E-AD08-08A82A3C8EF2}.Release|iPhone.Deploy.0 = Release|iPhone
		{31C29EAD-C7AE-444E-AD08-08A82A3C8EF2}.Release|iPhoneSimulator.ActiveCfg = Release|iPhoneSimulator
		{31C29EAD-C7AE-444E-AD08-08A82A3C8EF2}.Release|iPhoneSimulator.Build.0 = Release|iPhoneSimulator
		{31C29EAD-C7AE-444E-AD08-08A82A3C8EF2}.Release|iPhoneSimulator.Deploy.0 = Release|iPhoneSimulator
		{72F4549C-78D4-4D5A-AE39-97A8FC7DE3DA}.Debug|Any CPU.ActiveCfg = Debug|Any CPU
		{72F4549C-78D4-4D5A-AE39-97A8FC7DE3DA}.Debug|Any CPU.Build.0 = Debug|Any CPU
		{72F4549C-78D4-4D5A-AE39-97A8FC7DE3DA}.Debug|Any CPU.Deploy.0 = Debug|Any CPU
		{72F4549C-78D4-4D5A-AE39-97A8FC7DE3DA}.Debug|iPhone.ActiveCfg = Debug|Any CPU
		{72F4549C-78D4-4D5A-AE39-97A8FC7DE3DA}.Debug|iPhone.Build.0 = Debug|Any CPU
		{72F4549C-78D4-4D5A-AE39-97A8FC7DE3DA}.Debug|iPhone.Deploy.0 = Debug|Any CPU
		{72F4549C-78D4-4D5A-AE39-97A8FC7DE3DA}.Debug|iPhoneSimulator.ActiveCfg = Debug|Any CPU
		{72F4549C-78D4-4D5A-AE39-97A8FC7DE3DA}.Debug|iPhoneSimulator.Build.0 = Debug|Any CPU
		{72F4549C-78D4-4D5A-AE39-97A8FC7DE3DA}.Debug|iPhoneSimulator.Deploy.0 = Debug|Any CPU
		{72F4549C-78D4-4D5A-AE39-97A8FC7DE3DA}.Release|Any CPU.ActiveCfg = Release|Any CPU
		{72F4549C-78D4-4D5A-AE39-97A8FC7DE3DA}.Release|Any CPU.Build.0 = Release|Any CPU
		{72F4549C-78D4-4D5A-AE39-97A8FC7DE3DA}.Release|Any CPU.Deploy.0 = Release|Any CPU
		{72F4549C-78D4-4D5A-AE39-97A8FC7DE3DA}.Release|iPhone.ActiveCfg = Release|Any CPU
		{72F4549C-78D4-4D5A-AE39-97A8FC7DE3DA}.Release|iPhone.Build.0 = Release|Any CPU
		{72F4549C-78D4-4D5A-AE39-97A8FC7DE3DA}.Release|iPhone.Deploy.0 = Release|Any CPU
		{72F4549C-78D4-4D5A-AE39-97A8FC7DE3DA}.Release|iPhoneSimulator.ActiveCfg = Release|Any CPU
		{72F4549C-78D4-4D5A-AE39-97A8FC7DE3DA}.Release|iPhoneSimulator.Build.0 = Release|Any CPU
		{72F4549C-78D4-4D5A-AE39-97A8FC7DE3DA}.Release|iPhoneSimulator.Deploy.0 = Release|Any CPU
	EndGlobalSection
	GlobalSection(SolutionProperties) = preSolution
		HideSolutionNode = FALSE
	EndGlobalSection
	GlobalSection(ExtensibilityGlobals) = postSolution
		SolutionGuid = {1B0D0EF4-4EC1-47E4-B19F-390E8748EF1F}
	EndGlobalSection
EndGlobal
